
Microsoft Visual Studio Solution File, Format Version 12.00
# Visual Studio Version 17
VisualStudioVersion = 17.0.31919.166
MinimumVisualStudioVersion = 10.0.40219.1
Project("{FAE04EC0-301F-11D3-BF4B-00C04F79EFBC}") = "WebAPICore6", "WebAPICore6\WebAPICore6.csproj", "{EDEEEBF8-9E27-4236-9ABA-C8F86A92AACC}"
EndProject
Project("{FAE04EC0-301F-11D3-BF4B-00C04F79EFBC}") = "WebCore6.API", "WebCore6.API\WebCore6.API.csproj", "{FF90830C-4259-4CEA-ADBB-BAD567CF7D7A}"
EndProject
Project("{2150E333-8FDC-42A3-9474-1A3956D46DE8}") = "Library", "Library", "{E964EEF8-6939-4231-A8F1-3E852F4A676F}"
EndProject
Project("{FAE04EC0-301F-11D3-BF4B-00C04F79EFBC}") = "Common", "Common\Common.csproj", "{3FFBF927-19B0-41C7-8AD0-AC1F791A324D}"
EndProject
Global
	GlobalSection(SolutionConfigurationPlatforms) = preSolution
		Debug|Any CPU = Debug|Any CPU
		Release|Any CPU = Release|Any CPU
	EndGlobalSection
	GlobalSection(ProjectConfigurationPlatforms) = postSolution
		{EDEEEBF8-9E27-4236-9ABA-C8F86A92AACC}.Debug|Any CPU.ActiveCfg = Debug|Any CPU
		{EDEEEBF8-9E27-4236-9ABA-C8F86A92AACC}.Debug|Any CPU.Build.0 = Debug|Any CPU
		{EDEEEBF8-9E27-4236-9ABA-C8F86A92AACC}.Release|Any CPU.ActiveCfg = Release|Any CPU
		{EDEEEBF8-9E27-4236-9ABA-C8F86A92AACC}.Release|Any CPU.Build.0 = Release|Any CPU
		{FF90830C-4259-4CEA-ADBB-BAD567CF7D7A}.Debug|Any CPU.ActiveCfg = Debug|Any CPU
		{FF90830C-4259-4CEA-ADBB-BAD567CF7D7A}.Debug|Any CPU.Build.0 = Debug|Any CPU
		{FF90830C-4259-4CEA-ADBB-BAD567CF7D7A}.Release|Any CPU.ActiveCfg = Release|Any CPU
		{FF90830C-4259-4CEA-ADBB-BAD567CF7D7A}.Release|Any CPU.Build.0 = Release|Any CPU
		{3FFBF927-19B0-41C7-8AD0-AC1F791A324D}.Debug|Any CPU.ActiveCfg = Debug|Any CPU
		{3FFBF927-19B0-41C7-8AD0-AC1F791A324D}.Debug|Any CPU.Build.0 = Debug|Any CPU
		{3FFBF927-19B0-41C7-8AD0-AC1F791A324D}.Release|Any CPU.ActiveCfg = Release|Any CPU
		{3FFBF927-19B0-41C7-8AD0-AC1F791A324D}.Release|Any CPU.Build.0 = Release|Any CPU
	EndGlobalSection
	GlobalSection(SolutionProperties) = preSolution
		HideSolutionNode = FALSE
	EndGlobalSection
	GlobalSection(NestedProjects) = preSolution
		{3FFBF927-19B0-41C7-8AD0-AC1F791A324D} = {E964EEF8-6939-4231-A8F1-3E852F4A676F}
	EndGlobalSection
	GlobalSection(ExtensibilityGlobals) = postSolution
		SolutionGuid = {E96F105B-1BAB-4A4C-BD4F-8B56063DF40D}
	EndGlobalSection
EndGlobal
